
Microsoft Visual Studio Solution File, Format Version 12.00
# Visual Studio Version 16
VisualStudioVersion = 16.0.32126.315
MinimumVisualStudioVersion = 10.0.40219.1
Project("{FAE04EC0-301F-11D3-BF4B-00C04F79EFBC}") = "EasyPatrol", "EasyPatrol\EasyPatrol.csproj", "{08B815C9-92D2-42B7-86B7-97A0DB7B384A}"
EndProject
Global
	GlobalSection(SolutionConfigurationPlatforms) = preSolution
		Debug|Any CPU = Debug|Any CPU
		Release|Any CPU = Release|Any CPU
	EndGlobalSection
	GlobalSection(ProjectConfigurationPlatforms) = postSolution
		{08B815C9-92D2-42B7-86B7-97A0DB7B384A}.Debug|Any CPU.ActiveCfg = Debug|Any CPU
		{08B815C9-92D2-42B7-86B7-97A0DB7B384A}.Debug|Any CPU.Build.0 = Debug|Any CPU
		{08B815C9-92D2-42B7-86B7-97A0DB7B384A}.Release|Any CPU.ActiveCfg = Release|Any CPU
		{08B815C9-92D2-42B7-86B7-97A0DB7B384A}.Release|Any CPU.Build.0 = Release|Any CPU
	EndGlobalSection
	GlobalSection(SolutionProperties) = preSolution
		HideSolutionNode = FALSE
	EndGlobalSection
	GlobalSection(ExtensibilityGlobals) = postSolution
		SolutionGuid = {0A5FD5F2-A07A-4D45-B828-389BE88A341C}
	EndGlobalSection
EndGlobal
